<?xml version="1.0" encoding="utf-8"?>
<Project ToolsVersion="4.0" xmlns="http://schemas.microsoft.com/developer/msbuild/2003">
  <ItemGroup>
    <Filter Include="Source Files">
      <UniqueIdentifier>{20d6c067-20a0-4088-add4-4826a331b868}</UniqueIdentifier>
      <Extensions>cpp;c;cxx;def;odl;idl;hpj;bat;asm</Extensions>
    </Filter>
    <Filter Include="Header Files">
      <UniqueIdentifier>{f8bd9ba7-5dea-46f9-b268-7decbab71c75}</UniqueIdentifier>
      <Extensions>h;hpp;hxx;hm;inl;inc</Extensions>
    </Filter>
    <Filter Include="Resource Files">
      <UniqueIdentifier>{dd2a971f-36e9-48c7-96ff-5558ce66ae81}</UniqueIdentifier>
      <Extensions>rc;ico;cur;bmp;dlg;rc2;rct;bin;rgs;gif;jpg;jpeg;jpe</Extensions>
    </Filter>
    <Filter Include="Data">
      <UniqueIdentifier>{86fce521-3155-493a-984e-073e79114de5}</UniqueIdentifier>
    </Filter>
  </ItemGroup>
  <ItemGroup>
    <ClCompile Include="AudioUtil.cpp">
      <Filter>Source Files</Filter>
    </ClCompile>
    <ClCompile Include="src\AvSelect.cpp">
      <Filter>Source Files</Filter>
    </ClCompile>
    <ClCompile Include="src\DisplaySettings.cpp">
      <Filter>Source Files</Filter>
    </ClCompile>
    <ClCompile Include="src\SettingParse.cpp">
      <Filter>Source Files</Filter>
    </ClCompile>
    <ClCompile Include="src\stdafx.cpp">
      <Filter>Source Files</Filter>
    </ClCompile>
    <ClCompile Include="src\UserConfig.cpp">
      <Filter>Source Files</Filter>
    </ClCompile>
    <ClCompile Include="src\Util.cpp">
      <Filter>Source Files</Filter>
    </ClCompile>
  </ItemGroup>
  <ItemGroup>
    <ClInclude Include="src\AudioUtil.h">
      <Filter>Header Files</Filter>
    </ClInclude>
    <ClInclude Include="src\AvSelect.h">
      <Filter>Header Files</Filter>
    </ClInclude>
    <ClInclude Include="src\DisplaySettings.h">
      <Filter>Header Files</Filter>
    </ClInclude>
    <ClInclude Include="src\PolicyConfig.h">
      <Filter>Header Files</Filter>
    </ClInclude>
    <ClInclude Include="src\stdafx.h">
      <Filter>Header Files</Filter>
    </ClInclude>
    <ClInclude Include="src\UserConfig.h">
      <Filter>Header Files</Filter>
    </ClInclude>
    <ClInclude Include="src\Util.h">
      <Filter>Header Files</Filter>
    </ClInclude>
    <ClInclude Include="src\WinUtil.h">
      <Filter>Header Files</Filter>
    </ClInclude>
    <ClInclude Include="res\Resource.h">
      <Filter>Header Files</Filter>
    </ClInclude>
  </ItemGroup>
  <ItemGroup>
    <None Include="AvSelect.docx" />
  </ItemGroup>
  <ItemGroup>
    <ResourceCompile Include="res\Win32 Dialog.rc">
      <Filter>Resource Files</Filter>
    </ResourceCompile>
  </ItemGroup>
  <ItemGroup>
    <Image Include="res\TV.ico">
      <Filter>Resource Files</Filter>
    </Image>
  </ItemGroup>
</Project>